
Microsoft Visual Studio Solution File, Format Version 11.00
# Visual Studio 2010
Project("{8BC9CEB8-8B4A-11D0-8D11-00A0C91BC942}") = "QRibbon", "QRibbon.vcxproj", "{632BC80B-5D71-3F54-9965-F2F15991A9C4}"
EndProject
Project("{8BC9CEB8-8B4A-11D0-8D11-00A0C91BC942}") = "test", "project\test\test.vcxproj", "{92065202-AF5A-4946-815F-9C1BCF1DD621}"
EndProject
Global
	GlobalSection(SolutionConfigurationPlatforms) = preSolution
		Debug|Win32 = Debug|Win32
		Debug|x64 = Debug|x64
		Release|Win32 = Release|Win32
		Release|x64 = Release|x64
	EndGlobalSection
	GlobalSection(ProjectConfigurationPlatforms) = postSolution
		{632BC80B-5D71-3F54-9965-F2F15991A9C4}.Debug|Win32.ActiveCfg = Debug|x64
		{632BC80B-5D71-3F54-9965-F2F15991A9C4}.Debug|x64.ActiveCfg = Debug|x64
		{632BC80B-5D71-3F54-9965-F2F15991A9C4}.Debug|x64.Build.0 = Debug|x64
		{632BC80B-5D71-3F54-9965-F2F15991A9C4}.Release|Win32.ActiveCfg = Release|x64
		{632BC80B-5D71-3F54-9965-F2F15991A9C4}.Release|x64.ActiveCfg = Release|x64
		{632BC80B-5D71-3F54-9965-F2F15991A9C4}.Release|x64.Build.0 = Release|x64
		{92065202-AF5A-4946-815F-9C1BCF1DD621}.Debug|Win32.ActiveCfg = Debug|Win32
		{92065202-AF5A-4946-815F-9C1BCF1DD621}.Debug|Win32.Build.0 = Debug|Win32
		{92065202-AF5A-4946-815F-9C1BCF1DD621}.Debug|x64.ActiveCfg = Debug|x64
		{92065202-AF5A-4946-815F-9C1BCF1DD621}.Debug|x64.Build.0 = Debug|x64
		{92065202-AF5A-4946-815F-9C1BCF1DD621}.Release|Win32.ActiveCfg = Release|Win32
		{92065202-AF5A-4946-815F-9C1BCF1DD621}.Release|Win32.Build.0 = Release|Win32
		{92065202-AF5A-4946-815F-9C1BCF1DD621}.Release|x64.ActiveCfg = Release|x64
		{92065202-AF5A-4946-815F-9C1BCF1DD621}.Release|x64.Build.0 = Release|x64
	EndGlobalSection
	GlobalSection(SolutionProperties) = preSolution
		HideSolutionNode = FALSE
	EndGlobalSection
EndGlobal
